
Microsoft Visual Studio Solution File, Format Version 12.00
# Visual Studio Version 17
VisualStudioVersion = 17.4.33213.308
MinimumVisualStudioVersion = 10.0.40219.1
Project("{FAE04EC0-301F-11D3-BF4B-00C04F79EFBC}") = "VRI_JavaScript_Alerts", "VRI_JavaScript_Alerts\VRI_JavaScript_Alerts.csproj", "{91B242A2-EEB7-4FB3-87C9-4B8B9FB26E88}"
EndProject
Global
	GlobalSection(SolutionConfigurationPlatforms) = preSolution
		Debug|Any CPU = Debug|Any CPU
		Release|Any CPU = Release|Any CPU
	EndGlobalSection
	GlobalSection(ProjectConfigurationPlatforms) = postSolution
		{91B242A2-EEB7-4FB3-87C9-4B8B9FB26E88}.Debug|Any CPU.ActiveCfg = Debug|Any CPU
		{91B242A2-EEB7-4FB3-87C9-4B8B9FB26E88}.Debug|Any CPU.Build.0 = Debug|Any CPU
		{91B242A2-EEB7-4FB3-87C9-4B8B9FB26E88}.Release|Any CPU.ActiveCfg = Release|Any CPU
		{91B242A2-EEB7-4FB3-87C9-4B8B9FB26E88}.Release|Any CPU.Build.0 = Release|Any CPU
	EndGlobalSection
	GlobalSection(SolutionProperties) = preSolution
		HideSolutionNode = FALSE
	EndGlobalSection
	GlobalSection(ExtensibilityGlobals) = postSolution
		SolutionGuid = {1909123F-D6BC-4BFC-A686-BB516DEFA0A2}
	EndGlobalSection
EndGlobal
